
Microsoft Visual Studio Solution File, Format Version 12.00
# Visual Studio Version 16
VisualStudioVersion = 16.0.31129.286
MinimumVisualStudioVersion = 10.0.40219.1
Project("{9A19103F-16F7-4668-BE54-9A1E7A4F7556}") = "EX1andEX2", "lesson1\EX1andEX2.csproj", "{9CF53F05-72E6-407C-815C-D6F35B439FB6}"
EndProject
Project("{FAE04EC0-301F-11D3-BF4B-00C04F79EFBC}") = "EX3", "EX3\EX3.csproj", "{4D654BAE-9D81-4939-8328-FF7833CB75E8}"
EndProject
Global
	GlobalSection(SolutionConfigurationPlatforms) = preSolution
		Debug|Any CPU = Debug|Any CPU
		Release|Any CPU = Release|Any CPU
	EndGlobalSection
	GlobalSection(ProjectConfigurationPlatforms) = postSolution
		{9CF53F05-72E6-407C-815C-D6F35B439FB6}.Debug|Any CPU.ActiveCfg = Debug|Any CPU
		{9CF53F05-72E6-407C-815C-D6F35B439FB6}.Debug|Any CPU.Build.0 = Debug|Any CPU
		{9CF53F05-72E6-407C-815C-D6F35B439FB6}.Release|Any CPU.ActiveCfg = Release|Any CPU
		{9CF53F05-72E6-407C-815C-D6F35B439FB6}.Release|Any CPU.Build.0 = Release|Any CPU
		{4D654BAE-9D81-4939-8328-FF7833CB75E8}.Debug|Any CPU.ActiveCfg = Debug|Any CPU
		{4D654BAE-9D81-4939-8328-FF7833CB75E8}.Debug|Any CPU.Build.0 = Debug|Any CPU
		{4D654BAE-9D81-4939-8328-FF7833CB75E8}.Release|Any CPU.ActiveCfg = Release|Any CPU
		{4D654BAE-9D81-4939-8328-FF7833CB75E8}.Release|Any CPU.Build.0 = Release|Any CPU
	EndGlobalSection
	GlobalSection(SolutionProperties) = preSolution
		HideSolutionNode = FALSE
	EndGlobalSection
	GlobalSection(ExtensibilityGlobals) = postSolution
		SolutionGuid = {53E3DC5D-DF29-4652-811B-A407824FB5EB}
	EndGlobalSection
EndGlobal
