
Microsoft Visual Studio Solution File, Format Version 12.00
# Visual Studio Version 16
VisualStudioVersion = 16.0.31129.286
MinimumVisualStudioVersion = 10.0.40219.1
Project("{9A19103F-16F7-4668-BE54-9A1E7A4F7556}") = "EX4", "EX4\EX4.csproj", "{F524CEFB-4289-48C2-861D-FD704B17BAB9}"
EndProject
Project("{9A19103F-16F7-4668-BE54-9A1E7A4F7556}") = "EX5", "EX5\EX5.csproj", "{8D475871-4B9C-441C-885E-B3EC32E26956}"
EndProject
Project("{2150E333-8FDC-42A3-9474-1A3956D46DE8}") = "Lesson1", "Lesson1", "{B7F6D5E7-94EB-4DC7-97B7-9B852BF87D09}"
EndProject
Project("{2150E333-8FDC-42A3-9474-1A3956D46DE8}") = "Lesson2", "Lesson2", "{FCBCCB7D-7890-4E90-9CB0-61789F563766}"
EndProject
Project("{9A19103F-16F7-4668-BE54-9A1E7A4F7556}") = "EX1andEX2", "EX1andEX2\EX1andEX2.csproj", "{03BAEB04-E3A8-4CBB-BD05-24478C24E437}"
EndProject
Project("{9A19103F-16F7-4668-BE54-9A1E7A4F7556}") = "EX1", "..\lesson2\EX1\EX1\EX1.csproj", "{48009149-2495-4DBB-97BB-74450D00EC4E}"
EndProject
Project("{9A19103F-16F7-4668-BE54-9A1E7A4F7556}") = "EX2", "..\lesson2\EX2\EX2.csproj", "{475CC33B-0CE2-4135-ACCC-CF8D8E0C7606}"
EndProject
Project("{9A19103F-16F7-4668-BE54-9A1E7A4F7556}") = "EX4", "..\lesson2\EX4\EX4.csproj", "{6E6260C0-2646-445B-8989-93D80A975B0C}"
EndProject
Project("{9A19103F-16F7-4668-BE54-9A1E7A4F7556}") = "EX3", "..\lesson2\EX3\EX3.csproj", "{7DCED5BE-59F1-47B2-AE96-76ADCBF75818}"
EndProject
Project("{9A19103F-16F7-4668-BE54-9A1E7A4F7556}") = "EX5", "..\lesson2\EX5\EX5.csproj", "{956F1C62-C6EA-4906-85D1-112968861BC3}"
EndProject
Project("{9A19103F-16F7-4668-BE54-9A1E7A4F7556}") = "EX6", "..\lesson2\EX6\EX6.csproj", "{6070CD83-2212-4529-ABDE-87446FE45354}"
EndProject
Project("{2150E333-8FDC-42A3-9474-1A3956D46DE8}") = "Lesson3", "Lesson3", "{A35B7E55-2D64-4D13-B5C4-EA36E2C49C25}"
EndProject
Project("{9A19103F-16F7-4668-BE54-9A1E7A4F7556}") = "EX1", "..\lesson3\EX1\EX1.csproj", "{8E41C64F-1E70-412F-ABCC-D971D00BE7F4}"
EndProject
Project("{FAE04EC0-301F-11D3-BF4B-00C04F79EFBC}") = "EX2", "..\lesson3\EX2\EX2.csproj", "{52C8FB34-2D94-49FE-BE58-9CC267B026AA}"
EndProject
Global
	GlobalSection(SolutionConfigurationPlatforms) = preSolution
		Debug|Any CPU = Debug|Any CPU
		Release|Any CPU = Release|Any CPU
	EndGlobalSection
	GlobalSection(ProjectConfigurationPlatforms) = postSolution
		{F524CEFB-4289-48C2-861D-FD704B17BAB9}.Debug|Any CPU.ActiveCfg = Debug|Any CPU
		{F524CEFB-4289-48C2-861D-FD704B17BAB9}.Debug|Any CPU.Build.0 = Debug|Any CPU
		{F524CEFB-4289-48C2-861D-FD704B17BAB9}.Release|Any CPU.ActiveCfg = Release|Any CPU
		{F524CEFB-4289-48C2-861D-FD704B17BAB9}.Release|Any CPU.Build.0 = Release|Any CPU
		{8D475871-4B9C-441C-885E-B3EC32E26956}.Debug|Any CPU.ActiveCfg = Debug|Any CPU
		{8D475871-4B9C-441C-885E-B3EC32E26956}.Debug|Any CPU.Build.0 = Debug|Any CPU
		{8D475871-4B9C-441C-885E-B3EC32E26956}.Release|Any CPU.ActiveCfg = Release|Any CPU
		{8D475871-4B9C-441C-885E-B3EC32E26956}.Release|Any CPU.Build.0 = Release|Any CPU
		{03BAEB04-E3A8-4CBB-BD05-24478C24E437}.Debug|Any CPU.ActiveCfg = Debug|Any CPU
		{03BAEB04-E3A8-4CBB-BD05-24478C24E437}.Debug|Any CPU.Build.0 = Debug|Any CPU
		{03BAEB04-E3A8-4CBB-BD05-24478C24E437}.Release|Any CPU.ActiveCfg = Release|Any CPU
		{03BAEB04-E3A8-4CBB-BD05-24478C24E437}.Release|Any CPU.Build.0 = Release|Any CPU
		{48009149-2495-4DBB-97BB-74450D00EC4E}.Debug|Any CPU.ActiveCfg = Debug|Any CPU
		{48009149-2495-4DBB-97BB-74450D00EC4E}.Debug|Any CPU.Build.0 = Debug|Any CPU
		{48009149-2495-4DBB-97BB-74450D00EC4E}.Release|Any CPU.ActiveCfg = Release|Any CPU
		{48009149-2495-4DBB-97BB-74450D00EC4E}.Release|Any CPU.Build.0 = Release|Any CPU
		{475CC33B-0CE2-4135-ACCC-CF8D8E0C7606}.Debug|Any CPU.ActiveCfg = Debug|Any CPU
		{475CC33B-0CE2-4135-ACCC-CF8D8E0C7606}.Debug|Any CPU.Build.0 = Debug|Any CPU
		{475CC33B-0CE2-4135-ACCC-CF8D8E0C7606}.Release|Any CPU.ActiveCfg = Release|Any CPU
		{475CC33B-0CE2-4135-ACCC-CF8D8E0C7606}.Release|Any CPU.Build.0 = Release|Any CPU
		{6E6260C0-2646-445B-8989-93D80A975B0C}.Debug|Any CPU.ActiveCfg = Debug|Any CPU
		{6E6260C0-2646-445B-8989-93D80A975B0C}.Debug|Any CPU.Build.0 = Debug|Any CPU
		{6E6260C0-2646-445B-8989-93D80A975B0C}.Release|Any CPU.ActiveCfg = Release|Any CPU
		{6E6260C0-2646-445B-8989-93D80A975B0C}.Release|Any CPU.Build.0 = Release|Any CPU
		{7DCED5BE-59F1-47B2-AE96-76ADCBF75818}.Debug|Any CPU.ActiveCfg = Debug|Any CPU
		{7DCED5BE-59F1-47B2-AE96-76ADCBF75818}.Debug|Any CPU.Build.0 = Debug|Any CPU
		{7DCED5BE-59F1-47B2-AE96-76ADCBF75818}.Release|Any CPU.ActiveCfg = Release|Any CPU
		{7DCED5BE-59F1-47B2-AE96-76ADCBF75818}.Release|Any CPU.Build.0 = Release|Any CPU
		{956F1C62-C6EA-4906-85D1-112968861BC3}.Debug|Any CPU.ActiveCfg = Debug|Any CPU
		{956F1C62-C6EA-4906-85D1-112968861BC3}.Debug|Any CPU.Build.0 = Debug|Any CPU
		{956F1C62-C6EA-4906-85D1-112968861BC3}.Release|Any CPU.ActiveCfg = Release|Any CPU
		{956F1C62-C6EA-4906-85D1-112968861BC3}.Release|Any CPU.Build.0 = Release|Any CPU
		{6070CD83-2212-4529-ABDE-87446FE45354}.Debug|Any CPU.ActiveCfg = Debug|Any CPU
		{6070CD83-2212-4529-ABDE-87446FE45354}.Debug|Any CPU.Build.0 = Debug|Any CPU
		{6070CD83-2212-4529-ABDE-87446FE45354}.Release|Any CPU.ActiveCfg = Release|Any CPU
		{6070CD83-2212-4529-ABDE-87446FE45354}.Release|Any CPU.Build.0 = Release|Any CPU
		{8E41C64F-1E70-412F-ABCC-D971D00BE7F4}.Debug|Any CPU.ActiveCfg = Debug|Any CPU
		{8E41C64F-1E70-412F-ABCC-D971D00BE7F4}.Debug|Any CPU.Build.0 = Debug|Any CPU
		{8E41C64F-1E70-412F-ABCC-D971D00BE7F4}.Release|Any CPU.ActiveCfg = Release|Any CPU
		{8E41C64F-1E70-412F-ABCC-D971D00BE7F4}.Release|Any CPU.Build.0 = Release|Any CPU
		{52C8FB34-2D94-49FE-BE58-9CC267B026AA}.Debug|Any CPU.ActiveCfg = Debug|Any CPU
		{52C8FB34-2D94-49FE-BE58-9CC267B026AA}.Debug|Any CPU.Build.0 = Debug|Any CPU
		{52C8FB34-2D94-49FE-BE58-9CC267B026AA}.Release|Any CPU.ActiveCfg = Release|Any CPU
		{52C8FB34-2D94-49FE-BE58-9CC267B026AA}.Release|Any CPU.Build.0 = Release|Any CPU
	EndGlobalSection
	GlobalSection(SolutionProperties) = preSolution
		HideSolutionNode = FALSE
	EndGlobalSection
	GlobalSection(NestedProjects) = preSolution
		{F524CEFB-4289-48C2-861D-FD704B17BAB9} = {B7F6D5E7-94EB-4DC7-97B7-9B852BF87D09}
		{8D475871-4B9C-441C-885E-B3EC32E26956} = {B7F6D5E7-94EB-4DC7-97B7-9B852BF87D09}
		{03BAEB04-E3A8-4CBB-BD05-24478C24E437} = {B7F6D5E7-94EB-4DC7-97B7-9B852BF87D09}
		{48009149-2495-4DBB-97BB-74450D00EC4E} = {FCBCCB7D-7890-4E90-9CB0-61789F563766}
		{475CC33B-0CE2-4135-ACCC-CF8D8E0C7606} = {FCBCCB7D-7890-4E90-9CB0-61789F563766}
		{6E6260C0-2646-445B-8989-93D80A975B0C} = {FCBCCB7D-7890-4E90-9CB0-61789F563766}
		{7DCED5BE-59F1-47B2-AE96-76ADCBF75818} = {FCBCCB7D-7890-4E90-9CB0-61789F563766}
		{956F1C62-C6EA-4906-85D1-112968861BC3} = {FCBCCB7D-7890-4E90-9CB0-61789F563766}
		{6070CD83-2212-4529-ABDE-87446FE45354} = {FCBCCB7D-7890-4E90-9CB0-61789F563766}
		{8E41C64F-1E70-412F-ABCC-D971D00BE7F4} = {A35B7E55-2D64-4D13-B5C4-EA36E2C49C25}
		{52C8FB34-2D94-49FE-BE58-9CC267B026AA} = {A35B7E55-2D64-4D13-B5C4-EA36E2C49C25}
	EndGlobalSection
	GlobalSection(ExtensibilityGlobals) = postSolution
		SolutionGuid = {53E3DC5D-DF29-4652-811B-A407824FB5EB}
	EndGlobalSection
EndGlobal
